
Microsoft Visual Studio Solution File, Format Version 12.00
# Visual Studio Version 16
VisualStudioVersion = 16.0.30309.148
MinimumVisualStudioVersion = 10.0.40219.1
Project("{FAE04EC0-301F-11D3-BF4B-00C04F79EFBC}") = "SchoolMS", "SchoolMS\SchoolMS.csproj", "{59D804D5-F290-40E1-8920-E0C2852E4D98}"
EndProject
Global
	GlobalSection(SolutionConfigurationPlatforms) = preSolution
		Debug|Any CPU = Debug|Any CPU
		Release|Any CPU = Release|Any CPU
	EndGlobalSection
	GlobalSection(ProjectConfigurationPlatforms) = postSolution
		{59D804D5-F290-40E1-8920-E0C2852E4D98}.Debug|Any CPU.ActiveCfg = Debug|Any CPU
		{59D804D5-F290-40E1-8920-E0C2852E4D98}.Debug|Any CPU.Build.0 = Debug|Any CPU
		{59D804D5-F290-40E1-8920-E0C2852E4D98}.Release|Any CPU.ActiveCfg = Release|Any CPU
		{59D804D5-F290-40E1-8920-E0C2852E4D98}.Release|Any CPU.Build.0 = Release|Any CPU
	EndGlobalSection
	GlobalSection(SolutionProperties) = preSolution
		HideSolutionNode = FALSE
	EndGlobalSection
	GlobalSection(ExtensibilityGlobals) = postSolution
		SolutionGuid = {2A39EB10-9B55-4CA2-8AF0-5AD29CB1BAA2}
	EndGlobalSection
EndGlobal
